
Microsoft Visual Studio Solution File, Format Version 12.00
# Visual Studio Version 17
VisualStudioVersion = 17.14.36203.30 d17.14
MinimumVisualStudioVersion = 10.0.40219.1
Project("{FAE04EC0-301F-11D3-BF4B-00C04F79EFBC}") = "KarhanoMarket", "KarhanoMarket.csproj", "{F14298A5-5BC2-D68C-F531-9FC71E53DE5B}"
EndProject
Global
	GlobalSection(SolutionConfigurationPlatforms) = preSolution
		Debug|Any CPU = Debug|Any CPU
		Release|Any CPU = Release|Any CPU
	EndGlobalSection
	GlobalSection(ProjectConfigurationPlatforms) = postSolution
		{F14298A5-5BC2-D68C-F531-9FC71E53DE5B}.Debug|Any CPU.ActiveCfg = Debug|Any CPU
		{F14298A5-5BC2-D68C-F531-9FC71E53DE5B}.Debug|Any CPU.Build.0 = Debug|Any CPU
		{F14298A5-5BC2-D68C-F531-9FC71E53DE5B}.Release|Any CPU.ActiveCfg = Release|Any CPU
		{F14298A5-5BC2-D68C-F531-9FC71E53DE5B}.Release|Any CPU.Build.0 = Release|Any CPU
	EndGlobalSection
	GlobalSection(SolutionProperties) = preSolution
		HideSolutionNode = FALSE
	EndGlobalSection
	GlobalSection(ExtensibilityGlobals) = postSolution
		SolutionGuid = {C67369A9-0CA6-45EE-B200-97BB8783EBBB}
	EndGlobalSection
EndGlobal
