
Microsoft Visual Studio Solution File, Format Version 12.00
# Visual Studio Version 17
VisualStudioVersion = 17.13.36105.23 d17.13
MinimumVisualStudioVersion = 10.0.40219.1
Project("{FAE04EC0-301F-11D3-BF4B-00C04F79EFBC}") = "KWebPortal", "KWebPortal\KWebPortal.csproj", "{C0F3A844-8A58-49ED-B773-A5654D0A900A}"
EndProject
Project("{FAE04EC0-301F-11D3-BF4B-00C04F79EFBC}") = "DAL", "DAL\DAL.csproj", "{12A1F3A6-4F14-4FEA-8FE3-6D9BE0FC222F}"
EndProject
Project("{FAE04EC0-301F-11D3-BF4B-00C04F79EFBC}") = "BAL", "BAL\BAL.csproj", "{1D5CA7CB-8792-47FE-8E20-9BF0382DA86B}"
EndProject
Global
	GlobalSection(SolutionConfigurationPlatforms) = preSolution
		Debug|Any CPU = Debug|Any CPU
		Release|Any CPU = Release|Any CPU
	EndGlobalSection
	GlobalSection(ProjectConfigurationPlatforms) = postSolution
		{C0F3A844-8A58-49ED-B773-A5654D0A900A}.Debug|Any CPU.ActiveCfg = Debug|Any CPU
		{C0F3A844-8A58-49ED-B773-A5654D0A900A}.Debug|Any CPU.Build.0 = Debug|Any CPU
		{C0F3A844-8A58-49ED-B773-A5654D0A900A}.Release|Any CPU.ActiveCfg = Release|Any CPU
		{C0F3A844-8A58-49ED-B773-A5654D0A900A}.Release|Any CPU.Build.0 = Release|Any CPU
		{12A1F3A6-4F14-4FEA-8FE3-6D9BE0FC222F}.Debug|Any CPU.ActiveCfg = Debug|Any CPU
		{12A1F3A6-4F14-4FEA-8FE3-6D9BE0FC222F}.Debug|Any CPU.Build.0 = Debug|Any CPU
		{12A1F3A6-4F14-4FEA-8FE3-6D9BE0FC222F}.Release|Any CPU.ActiveCfg = Release|Any CPU
		{12A1F3A6-4F14-4FEA-8FE3-6D9BE0FC222F}.Release|Any CPU.Build.0 = Release|Any CPU
		{1D5CA7CB-8792-47FE-8E20-9BF0382DA86B}.Debug|Any CPU.ActiveCfg = Debug|Any CPU
		{1D5CA7CB-8792-47FE-8E20-9BF0382DA86B}.Debug|Any CPU.Build.0 = Debug|Any CPU
		{1D5CA7CB-8792-47FE-8E20-9BF0382DA86B}.Release|Any CPU.ActiveCfg = Release|Any CPU
		{1D5CA7CB-8792-47FE-8E20-9BF0382DA86B}.Release|Any CPU.Build.0 = Release|Any CPU
	EndGlobalSection
	GlobalSection(SolutionProperties) = preSolution
		HideSolutionNode = FALSE
	EndGlobalSection
	GlobalSection(ExtensibilityGlobals) = postSolution
		SolutionGuid = {9EB93F48-65D3-4806-AA29-8AD176BF2778}
	EndGlobalSection
EndGlobal
